
Microsoft Visual Studio Solution File, Format Version 12.00
# Visual Studio Version 17
VisualStudioVersion = 17.0.31903.59
MinimumVisualStudioVersion = 10.0.40219.1
Project("{FAE04EC0-301F-11D3-BF4B-00C04F79EFBC}") = "NabuNet", "NabuNet\NabuNet.csproj", "{4F8CC36A-784E-4096-9ADC-9DEEE6C6BD78}"
EndProject
Project("{FAE04EC0-301F-11D3-BF4B-00C04F79EFBC}") = "NabuNet.Tests", "NabuNet.Tests\NabuNet.Tests.csproj", "{58A3FCC9-4F7D-416E-9680-B465A32C6F44}"
EndProject
Global
	GlobalSection(SolutionConfigurationPlatforms) = preSolution
		Debug|Any CPU = Debug|Any CPU
		Release|Any CPU = Release|Any CPU
	EndGlobalSection
	GlobalSection(SolutionProperties) = preSolution
		HideSolutionNode = FALSE
	EndGlobalSection
	GlobalSection(ProjectConfigurationPlatforms) = postSolution
		{4F8CC36A-784E-4096-9ADC-9DEEE6C6BD78}.Debug|Any CPU.ActiveCfg = Debug|Any CPU
		{4F8CC36A-784E-4096-9ADC-9DEEE6C6BD78}.Debug|Any CPU.Build.0 = Debug|Any CPU
		{4F8CC36A-784E-4096-9ADC-9DEEE6C6BD78}.Release|Any CPU.ActiveCfg = Release|Any CPU
		{4F8CC36A-784E-4096-9ADC-9DEEE6C6BD78}.Release|Any CPU.Build.0 = Release|Any CPU
		{58A3FCC9-4F7D-416E-9680-B465A32C6F44}.Debug|Any CPU.ActiveCfg = Debug|Any CPU
		{58A3FCC9-4F7D-416E-9680-B465A32C6F44}.Debug|Any CPU.Build.0 = Debug|Any CPU
		{58A3FCC9-4F7D-416E-9680-B465A32C6F44}.Release|Any CPU.ActiveCfg = Release|Any CPU
		{58A3FCC9-4F7D-416E-9680-B465A32C6F44}.Release|Any CPU.Build.0 = Release|Any CPU
	EndGlobalSection
EndGlobal
